// !$*UTF8*$!
{
	archiveVersion = 1;
	classes = {
	};
	objectVersion = 46;
	objects = {

/* Begin PBXBuildFile section */
		22FA679F1A749C9B0019CC32 /* Foundation.framework in Frameworks */ = {isa = PBXBuildFile; fileRef = 22FA679E1A749C9B0019CC32 /* Foundation.framework */; };
		22FA67A11A749C9B0019CC32 /* CoreGraphics.framework in Frameworks */ = {isa = PBXBuildFile; fileRef = 22FA67A01A749C9B0019CC32 /* CoreGraphics.framework */; };
		22FA67A31A749C9B0019CC32 /* UIKit.framework in Frameworks */ = {isa = PBXBuildFile; fileRef = 22FA67A21A749C9B0019CC32 /* UIKit.framework */; };
		22FA67A91A749C9B0019CC32 /* InfoPlist.strings in Resources */ = {isa = PBXBuildFile; fileRef = 22FA67A71A749C9B0019CC32 /* InfoPlist.strings */; };
		22FA67AB1A749C9B0019CC32 /* main.m in Sources */ = {isa = PBXBuildFile; fileRef = 22FA67AA1A749C9B0019CC32 /* main.m */; };
		22FA67AF1A749C9B0019CC32 /* TAKAppDelegate.m in Sources */ = {isa = PBXBuildFile; fileRef = 22FA67AE1A749C9B0019CC32 /* TAKAppDelegate.m */; };
		22FA67B21A749C9B0019CC32 /* Main.storyboard in Resources */ = {isa = PBXBuildFile; fileRef = 22FA67B01A749C9B0019CC32 /* Main.storyboard */; };
		22FA67B51A749C9B0019CC32 /* TAKViewController.m in Sources */ = {isa = PBXBuildFile; fileRef = 22FA67B41A749C9B0019CC32 /* TAKViewController.m */; };
		22FA67B71A749C9B0019CC32 /* Images.xcassets in Resources */ = {isa = PBXBuildFile; fileRef = 22FA67B61A749C9B0019CC32 /* Images.xcassets */; };
		22FA67BE1A749C9B0019CC32 /* XCTest.framework in Frameworks */ = {isa = PBXBuildFile; fileRef = 22FA67BD1A749C9B0019CC32 /* XCTest.framework */; };
		22FA67BF1A749C9B0019CC32 /* Foundation.framework in Frameworks */ = {isa = PBXBuildFile; fileRef = 22FA679E1A749C9B0019CC32 /* Foundation.framework */; };
		22FA67C01A749C9B0019CC32 /* UIKit.framework in Frameworks */ = {isa = PBXBuildFile; fileRef = 22FA67A21A749C9B0019CC32 /* UIKit.framework */; };
		22FA67C81A749C9B0019CC32 /* InfoPlist.strings in Resources */ = {isa = PBXBuildFile; fileRef = 22FA67C61A749C9B0019CC32 /* InfoPlist.strings */; };
		22FA67CA1A749C9B0019CC32 /* RSSReaderTests.m in Sources */ = {isa = PBXBuildFile; fileRef = 22FA67C91A749C9B0019CC32 /* RSSReaderTests.m */; };
/* End PBXBuildFile section */

/* Begin PBXContainerItemProxy section */
		22FA67C11A749C9B0019CC32 /* PBXContainerItemProxy */ = {
			isa = PBXContainerItemProxy;
			containerPortal = 22FA67931A749C9B0019CC32 /* Project object */;
			proxyType = 1;
			remoteGlobalIDString = 22FA679A1A749C9B0019CC32;
			remoteInfo = RSSReader;
		};
/* End PBXContainerItemProxy section */

/* Begin PBXFileReference section */
		22FA679B1A749C9B0019CC32 /* RSSReader.app */ = {isa = PBXFileReference; explicitFileType = wrapper.application; includeInIndex = 0; path = RSSReader.app; sourceTree = BUILT_PRODUCTS_DIR; };
		22FA679E1A749C9B0019CC32 /* Foundation.framework */ = {isa = PBXFileReference; lastKnownFileType = wrapper.framework; name = Foundation.framework; path = System/Library/Frameworks/Foundation.framework; sourceTree = SDKROOT; };
		22FA67A01A749C9B0019CC32 /* CoreGraphics.framework */ = {isa = PBXFileReference; lastKnownFileType = wrapper.framework; name = CoreGraphics.framework; path = System/Library/Frameworks/CoreGraphics.framework; sourceTree = SDKROOT; };
		22FA67A21A749C9B0019CC32 /* UIKit.framework */ = {isa = PBXFileReference; lastKnownFileType = wrapper.framework; name = UIKit.framework; path = System/Library/Frameworks/UIKit.framework; sourceTree = SDKROOT; };
		22FA67A61A749C9B0019CC32 /* RSSReader-Info.plist */ = {isa = PBXFileReference; lastKnownFileType = text.plist.xml; path = "RSSReader-Info.plist"; sourceTree = "<group>"; };
		22FA67A81A749C9B0019CC32 /* en */ = {isa = PBXFileReference; lastKnownFileType = text.plist.strings; name = en; path = en.lproj/InfoPlist.strings; sourceTree = "<group>"; };
		22FA67AA1A749C9B0019CC32 /* main.m */ = {isa = PBXFileReference; lastKnownFileType = sourcecode.c.objc; path = main.m; sourceTree = "<group>"; };
		22FA67AC1A749C9B0019CC32 /* RSSReader-Prefix.pch */ = {isa = PBXFileReference; lastKnownFileType = sourcecode.c.h; path = "RSSReader-Prefix.pch"; sourceTree = "<group>"; };
		22FA67AD1A749C9B0019CC32 /* TAKAppDelegate.h */ = {isa = PBXFileReference; lastKnownFileType = sourcecode.c.h; path = TAKAppDelegate.h; sourceTree = "<group>"; };
		22FA67AE1A749C9B0019CC32 /* TAKAppDelegate.m */ = {isa = PBXFileReference; lastKnownFileType = sourcecode.c.objc; path = TAKAppDelegate.m; sourceTree = "<group>"; };
		22FA67B11A749C9B0019CC32 /* Base */ = {isa = PBXFileReference; lastKnownFileType = file.storyboard; name = Base; path = Base.lproj/Main.storyboard; sourceTree = "<group>"; };
		22FA67B31A749C9B0019CC32 /* TAKViewController.h */ = {isa = PBXFileReference; lastKnownFileType = sourcecode.c.h; path = TAKViewController.h; sourceTree = "<group>"; };
		22FA67B41A749C9B0019CC32 /* TAKViewController.m */ = {isa = PBXFileReference; lastKnownFileType = sourcecode.c.objc; path = TAKViewController.m; sourceTree = "<group>"; };
		22FA67B61A749C9B0019CC32 /* Images.xcassets */ = {isa = PBXFileReference; lastKnownFileType = folder.assetcatalog; path = Images.xcassets; sourceTree = "<group>"; };
		22FA67BC1A749C9B0019CC32 /* RSSReaderTests.xctest */ = {isa = PBXFileReference; explicitFileType = wrapper.cfbundle; includeInIndex = 0; path = RSSReaderTests.xctest; sourceTree = BUILT_PRODUCTS_DIR; };
		22FA67BD1A749C9B0019CC32 /* XCTest.framework */ = {isa = PBXFileReference; lastKnownFileType = wrapper.framework; name = XCTest.framework; path = Library/Frameworks/XCTest.framework; sourceTree = DEVELOPER_DIR; };
		22FA67C51A749C9B0019CC32 /* RSSReaderTests-Info.plist */ = {isa = PBXFileReference; lastKnownFileType = text.plist.xml; path = "RSSReaderTests-Info.plist"; sourceTree = "<group>"; };
		22FA67C71A749C9B0019CC32 /* en */ = {isa = PBXFileReference; lastKnownFileType = text.plist.strings; name = en; path = en.lproj/InfoPlist.strings; sourceTree = "<group>"; };
		22FA67C91A749C9B0019CC32 /* RSSReaderTests.m */ = {isa = PBXFileReference; lastKnownFileType = sourcecode.c.objc; path = RSSReaderTests.m; sourceTree = "<group>"; };
/* End PBXFileReference section */

/* Begin PBXFrameworksBuildPhase section */
		22FA67981A749C9B0019CC32 /* Frameworks */ = {
			isa = PBXFrameworksBuildPhase;
			buildActionMask = 2147483647;
			files = (
				22FA67A11A749C9B0019CC32 /* CoreGraphics.framework in Frameworks */,
				22FA67A31A749C9B0019CC32 /* UIKit.framework in Frameworks */,
				22FA679F1A749C9B0019CC32 /* Foundation.framework in Frameworks */,
			);
			runOnlyForDeploymentPostprocessing = 0;
		};
		22FA67B91A749C9B0019CC32 /* Frameworks */ = {
			isa = PBXFrameworksBuildPhase;
			buildActionMask = 2147483647;
			files = (
				22FA67BE1A749C9B0019CC32 /* XCTest.framework in Frameworks */,
				22FA67C01A749C9B0019CC32 /* UIKit.framework in Frameworks */,
				22FA67BF1A749C9B0019CC32 /* Foundation.framework in Frameworks */,
			);
			runOnlyForDeploymentPostprocessing = 0;
		};
/* End PBXFrameworksBuildPhase section */

/* Begin PBXGroup section */
		22FA67921A749C9B0019CC32 = {
			isa = PBXGroup;
			children = (
				22FA67A41A749C9B0019CC32 /* RSSReader */,
				22FA67C31A749C9B0019CC32 /* RSSReaderTests */,
				22FA679D1A749C9B0019CC32 /* Frameworks */,
				22FA679C1A749C9B0019CC32 /* Products */,
			);
			sourceTree = "<group>";
		};
		22FA679C1A749C9B0019CC32 /* Products */ = {
			isa = PBXGroup;
			children = (
				22FA679B1A749C9B0019CC32 /* RSSReader.app */,
				22FA67BC1A749C9B0019CC32 /* RSSReaderTests.xctest */,
			);
			name = Products;
			sourceTree = "<group>";
		};
		22FA679D1A749C9B0019CC32 /* Frameworks */ = {
			isa = PBXGroup;
			children = (
				22FA679E1A749C9B0019CC32 /* Foundation.framework */,
				22FA67A01A749C9B0019CC32 /* CoreGraphics.framework */,
				22FA67A21A749C9B0019CC32 /* UIKit.framework */,
				22FA67BD1A749C9B0019CC32 /* XCTest.framework */,
			);
			name = Frameworks;
			sourceTree = "<group>";
		};
		22FA67A41A749C9B0019CC32 /* RSSReader */ = {
			isa = PBXGroup;
			children = (
				22FA67AD1A749C9B0019CC32 /* TAKAppDelegate.h */,
				22FA67AE1A749C9B0019CC32 /* TAKAppDelegate.m */,
				22FA67B01A749C9B0019CC32 /* Main.storyboard */,
				22FA67B31A749C9B0019CC32 /* TAKViewController.h */,
				22FA67B41A749C9B0019CC32 /* TAKViewController.m */,
				22FA67B61A749C9B0019CC32 /* Images.xcassets */,
				22FA67A51A749C9B0019CC32 /* Supporting Files */,
			);
			path = RSSReader;
			sourceTree = "<group>";
		};
		22FA67A51A749C9B0019CC32 /* Supporting Files */ = {
			isa = PBXGroup;
			children = (
				22FA67A61A749C9B0019CC32 /* RSSReader-Info.plist */,
				22FA67A71A749C9B0019CC32 /* InfoPlist.strings */,
				22FA67AA1A749C9B0019CC32 /* main.m */,
				22FA67AC1A749C9B0019CC32 /* RSSReader-Prefix.pch */,
			);
			name = "Supporting Files";
			sourceTree = "<group>";
		};
		22FA67C31A749C9B0019CC32 /* RSSReaderTests */ = {
			isa = PBXGroup;
			children = (
				22FA67C91A749C9B0019CC32 /* RSSReaderTests.m */,
				22FA67C41A749C9B0019CC32 /* Supporting Files */,
			);
			path = RSSReaderTests;
			sourceTree = "<group>";
		};
		22FA67C41A749C9B0019CC32 /* Supporting Files */ = {
			isa = PBXGroup;
			children = (
				22FA67C51A749C9B0019CC32 /* RSSReaderTests-Info.plist */,
				22FA67C61A749C9B0019CC32 /* InfoPlist.strings */,
			);
			name = "Supporting Files";
			sourceTree = "<group>";
		};
/* End PBXGroup section */

/* Begin PBXNativeTarget section */
		22FA679A1A749C9B0019CC32 /* RSSReader */ = {
			isa = PBXNativeTarget;
			buildConfigurationList = 22FA67CD1A749C9B0019CC32 /* Build configuration list for PBXNativeTarget "RSSReader" */;
			buildPhases = (
				22FA67971A749C9B0019CC32 /* Sources */,
				22FA67981A749C9B0019CC32 /* Frameworks */,
				22FA67991A749C9B0019CC32 /* Resources */,
			);
			buildRules = (
			);
			dependencies = (
			);
			name = RSSReader;
			productName = RSSReader;
			productReference = 22FA679B1A749C9B0019CC32 /* RSSReader.app */;
			productType = "com.apple.product-type.application";
		};
		22FA67BB1A749C9B0019CC32 /* RSSReaderTests */ = {
			isa = PBXNativeTarget;
			buildConfigurationList = 22FA67D01A749C9B0019CC32 /* Build configuration list for PBXNativeTarget "RSSReaderTests" */;
			buildPhases = (
				22FA67B81A749C9B0019CC32 /* Sources */,
				22FA67B91A749C9B0019CC32 /* Frameworks */,
				22FA67BA1A749C9B0019CC32 /* Resources */,
			);
			buildRules = (
			);
			dependencies = (
				22FA67C21A749C9B0019CC32 /* PBXTargetDependency */,
			);
			name = RSSReaderTests;
			productName = RSSReaderTests;
			productReference = 22FA67BC1A749C9B0019CC32 /* RSSReaderTests.xctest */;
			productType = "com.apple.product-type.bundle.unit-test";
		};
/* End PBXNativeTarget section */

/* Begin PBXProject section */
		22FA67931A749C9B0019CC32 /* Project object */ = {
			isa = PBXProject;
			attributes = {
				CLASSPREFIX = TAK;
				LastUpgradeCheck = 0510;
				ORGANIZATIONNAME = tak;
				TargetAttributes = {
					22FA67BB1A749C9B0019CC32 = {
						TestTargetID = 22FA679A1A749C9B0019CC32;
					};
				};
			};
			buildConfigurationList = 22FA67961A749C9B0019CC32 /* Build configuration list for PBXProject "RSSReader" */;
			compatibilityVersion = "Xcode 3.2";
			developmentRegion = English;
			hasScannedForEncodings = 0;
			knownRegions = (
				en,
				Base,
			);
			mainGroup = 22FA67921A749C9B0019CC32;
			productRefGroup = 22FA679C1A749C9B0019CC32 /* Products */;
			projectDirPath = "";
			projectRoot = "";
			targets = (
				22FA679A1A749C9B0019CC32 /* RSSReader */,
				22FA67BB1A749C9B0019CC32 /* RSSReaderTests */,
			);
		};
/* End PBXProject section */

/* Begin PBXResourcesBuildPhase section */
		22FA67991A749C9B0019CC32 /* Resources */ = {
			isa = PBXResourcesBuildPhase;
			buildActionMask = 2147483647;
			files = (
				22FA67B71A749C9B0019CC32 /* Images.xcassets in Resources */,
				22FA67A91A749C9B0019CC32 /* InfoPlist.strings in Resources */,
				22FA67B21A749C9B0019CC32 /* Main.storyboard in Resources */,
			);
			runOnlyForDeploymentPostprocessing = 0;
		};
		22FA67BA1A749C9B0019CC32 /* Resources */ = {
			isa = PBXResourcesBuildPhase;
			buildActionMask = 2147483647;
			files = (
				22FA67C81A749C9B0019CC32 /* InfoPlist.strings in Resources */,
			);
			runOnlyForDeploymentPostprocessing = 0;
		};
/* End PBXResourcesBuildPhase section */

/* Begin PBXSourcesBuildPhase section */
		22FA67971A749C9B0019CC32 /* Sources */ = {
			isa = PBXSourcesBuildPhase;
			buildActionMask = 2147483647;
			files = (
				22FA67AB1A749C9B0019CC32 /* main.m in Sources */,
				22FA67B51A749C9B0019CC32 /* TAKViewController.m in Sources */,
				22FA67AF1A749C9B0019CC32 /* TAKAppDelegate.m in Sources */,
			);
			runOnlyForDeploymentPostprocessing = 0;
		};
		22FA67B81A749C9B0019CC32 /* Sources */ = {
			isa = PBXSourcesBuildPhase;
			buildActionMask = 2147483647;
			files = (
				22FA67CA1A749C9B0019CC32 /* RSSReaderTests.m in Sources */,
			);
			runOnlyForDeploymentPostprocessing = 0;
		};
/* End PBXSourcesBuildPhase section */

/* Begin PBXTargetDependency section */
		22FA67C21A749C9B0019CC32 /* PBXTargetDependency */ = {
			isa = PBXTargetDependency;
			target = 22FA679A1A749C9B0019CC32 /* RSSReader */;
			targetProxy = 22FA67C11A749C9B0019CC32 /* PBXContainerItemProxy */;
		};
/* End PBXTargetDependency section */

/* Begin PBXVariantGroup section */
		22FA67A71A749C9B0019CC32 /* InfoPlist.strings */ = {
			isa = PBXVariantGroup;
			children = (
				22FA67A81A749C9B0019CC32 /* en */,
			);
			name = InfoPlist.strings;
			sourceTree = "<group>";
		};
		22FA67B01A749C9B0019CC32 /* Main.storyboard */ = {
			isa = PBXVariantGroup;
			children = (
				22FA67B11A749C9B0019CC32 /* Base */,
			);
			name = Main.storyboard;
			sourceTree = "<group>";
		};
		22FA67C61A749C9B0019CC32 /* InfoPlist.strings */ = {
			isa = PBXVariantGroup;
			children = (
				22FA67C71A749C9B0019CC32 /* en */,
			);
			name = InfoPlist.strings;
			sourceTree = "<group>";
		};
/* End PBXVariantGroup section */

/* Begin XCBuildConfiguration section */
		22FA67CB1A749C9B0019CC32 /* Debug */ = {
			isa = XCBuildConfiguration;
			buildSettings = {
				ALWAYS_SEARCH_USER_PATHS = NO;
				CLANG_CXX_LANGUAGE_STANDARD = "gnu++0x";
				CLANG_CXX_LIBRARY = "libc++";
				CLANG_ENABLE_MODULES = YES;
				CLANG_ENABLE_OBJC_ARC = YES;
				CLANG_WARN_BOOL_CONVERSION = YES;
				CLANG_WARN_CONSTANT_CONVERSION = YES;
				CLANG_WARN_DIRECT_OBJC_ISA_USAGE = YES_ERROR;
				CLANG_WARN_EMPTY_BODY = YES;
				CLANG_WARN_ENUM_CONVERSION = YES;
				CLANG_WARN_INT_CONVERSION = YES;
				CLANG_WARN_OBJC_ROOT_CLASS = YES_ERROR;
				CLANG_WARN__DUPLICATE_METHOD_MATCH = YES;
				"CODE_SIGN_IDENTITY[sdk=iphoneos*]" = "iPhone Developer";
				COPY_PHASE_STRIP = NO;
				GCC_C_LANGUAGE_STANDARD = gnu99;
				GCC_DYNAMIC_NO_PIC = NO;
				GCC_OPTIMIZATION_LEVEL = 0;
				GCC_PREPROCESSOR_DEFINITIONS = (
					"DEBUG=1",
					"$(inherited)",
				);
				GCC_SYMBOLS_PRIVATE_EXTERN = NO;
				GCC_WARN_64_TO_32_BIT_CONVERSION = YES;
				GCC_WARN_ABOUT_RETURN_TYPE = YES_ERROR;
				GCC_WARN_UNDECLARED_SELECTOR = YES;
				GCC_WARN_UNINITIALIZED_AUTOS = YES_AGGRESSIVE;
				GCC_WARN_UNUSED_FUNCTION = YES;
				GCC_WARN_UNUSED_VARIABLE = YES;
				IPHONEOS_DEPLOYMENT_TARGET = 7.1;
				ONLY_ACTIVE_ARCH = YES;
				SDKROOT = iphoneos;
			};
			name = Debug;
		};
		22FA67CC1A749C9B0019CC32 /* Release */ = {
			isa = XCBuildConfiguration;
			buildSettings = {
				ALWAYS_SEARCH_USER_PATHS = NO;
				CLANG_CXX_LANGUAGE_STANDARD = "gnu++0x";
				CLANG_CXX_LIBRARY = "libc++";
				CLANG_ENABLE_MODULES = YES;
				CLANG_ENABLE_OBJC_ARC = YES;
				CLANG_WARN_BOOL_CONVERSION = YES;
				CLANG_WARN_CONSTANT_CONVERSION = YES;
				CLANG_WARN_DIRECT_OBJC_ISA_USAGE = YES_ERROR;
				CLANG_WARN_EMPTY_BODY = YES;
				CLANG_WARN_ENUM_CONVERSION = YES;
				CLANG_WARN_INT_CONVERSION = YES;
				CLANG_WARN_OBJC_ROOT_CLASS = YES_ERROR;
				CLANG_WARN__DUPLICATE_METHOD_MATCH = YES;
				"CODE_SIGN_IDENTITY[sdk=iphoneos*]" = "iPhone Developer";
				COPY_PHASE_STRIP = YES;
				ENABLE_NS_ASSERTIONS = NO;
				GCC_C_LANGUAGE_STANDARD = gnu99;
				GCC_WARN_64_TO_32_BIT_CONVERSION = YES;
				GCC_WARN_ABOUT_RETURN_TYPE = YES_ERROR;
				GCC_WARN_UNDECLARED_SELECTOR = YES;
				GCC_WARN_UNINITIALIZED_AUTOS = YES_AGGRESSIVE;
				GCC_WARN_UNUSED_FUNCTION = YES;
				GCC_WARN_UNUSED_VARIABLE = YES;
				IPHONEOS_DEPLOYMENT_TARGET = 7.1;
				SDKROOT = iphoneos;
				VALIDATE_PRODUCT = YES;
			};
			name = Release;
		};
		22FA67CE1A749C9B0019CC32 /* Debug */ = {
			isa = XCBuildConfiguration;
			buildSettings = {
				ASSETCATALOG_COMPILER_APPICON_NAME = AppIcon;
				ASSETCATALOG_COMPILER_LAUNCHIMAGE_NAME = LaunchImage;
				GCC_PRECOMPILE_PREFIX_HEADER = YES;
				GCC_PREFIX_HEADER = "RSSReader/RSSReader-Prefix.pch";
				INFOPLIST_FILE = "RSSReader/RSSReader-Info.plist";
				PRODUCT_NAME = "$(TARGET_NAME)";
				WRAPPER_EXTENSION = app;
			};
			name = Debug;
		};
		22FA67CF1A749C9B0019CC32 /* Release */ = {
			isa = XCBuildConfiguration;
			buildSettings = {
				ASSETCATALOG_COMPILER_APPICON_NAME = AppIcon;
				ASSETCATALOG_COMPILER_LAUNCHIMAGE_NAME = LaunchImage;
				GCC_PRECOMPILE_PREFIX_HEADER = YES;
				GCC_PREFIX_HEADER = "RSSReader/RSSReader-Prefix.pch";
				INFOPLIST_FILE = "RSSReader/RSSReader-Info.plist";
				PRODUCT_NAME = "$(TARGET_NAME)";
				WRAPPER_EXTENSION = app;
			};
			name = Release;
		};
		22FA67D11A749C9B0019CC32 /* Debug */ = {
			isa = XCBuildConfiguration;
			buildSettings = {
				BUNDLE_LOADER = "$(BUILT_PRODUCTS_DIR)/RSSReader.app/RSSReader";
				FRAMEWORK_SEARCH_PATHS = (
					"$(SDKROOT)/Developer/Library/Frameworks",
					"$(inherited)",
					"$(DEVELOPER_FRAMEWORKS_DIR)",
				);
				GCC_PRECOMPILE_PREFIX_HEADER = YES;
				GCC_PREFIX_HEADER = "RSSReader/RSSReader-Prefix.pch";
				GCC_PREPROCESSOR_DEFINITIONS = (
					"DEBUG=1",
					"$(inherited)",
				);
				INFOPLIST_FILE = "RSSReaderTests/RSSReaderTests-Info.plist";
				PRODUCT_NAME = "$(TARGET_NAME)";
				TEST_HOST = "$(BUNDLE_LOADER)";
				WRAPPER_EXTENSION = xctest;
			};
			name = Debug;
		};
		22FA67D21A749C9B0019CC32 /* Release */ = {
			isa = XCBuildConfiguration;
			buildSettings = {
				BUNDLE_LOADER = "$(BUILT_PRODUCTS_DIR)/RSSReader.app/RSSReader";
				FRAMEWORK_SEARCH_PATHS = (
					"$(SDKROOT)/Developer/Library/Frameworks",
					"$(inherited)",
					"$(DEVELOPER_FRAMEWORKS_DIR)",
				);
				GCC_PRECOMPILE_PREFIX_HEADER = YES;
				GCC_PREFIX_HEADER = "RSSReader/RSSReader-Prefix.pch";
				INFOPLIST_FILE = "RSSReaderTests/RSSReaderTests-Info.plist";
				PRODUCT_NAME = "$(TARGET_NAME)";
				TEST_HOST = "$(BUNDLE_LOADER)";
				WRAPPER_EXTENSION = xctest;
			};
			name = Release;
		};
/* End XCBuildConfiguration section */

/* Begin XCConfigurationList section */
		22FA67961A749C9B0019CC32 /* Build configuration list for PBXProject "RSSReader" */ = {
			isa = XCConfigurationList;
			buildConfigurations = (
				22FA67CB1A749C9B0019CC32 /* Debug */,
				22FA67CC1A749C9B0019CC32 /* Release */,
			);
			defaultConfigurationIsVisible = 0;
			defaultConfigurationName = Release;
		};
		22FA67CD1A749C9B0019CC32 /* Build configuration list for PBXNativeTarget "RSSReader" */ = {
			isa = XCConfigurationList;
			buildConfigurations = (
				22FA67CE1A749C9B0019CC32 /* Debug */,
				22FA67CF1A749C9B0019CC32 /* Release */,
			);
			defaultConfigurationIsVisible = 0;
		};
		22FA67D01A749C9B0019CC32 /* Build configuration list for PBXNativeTarget "RSSReaderTests" */ = {
			isa = XCConfigurationList;
			buildConfigurations = (
				22FA67D11A749C9B0019CC32 /* Debug */,
				22FA67D21A749C9B0019CC32 /* Release */,
			);
			defaultConfigurationIsVisible = 0;
		};
/* End XCConfigurationList section */
	};
	rootObject = 22FA67931A749C9B0019CC32 /* Project object */;
}
